{
  "requires": true,
  "lockfileVersion": 1,
  "dependencies": {
    "tablesort": {
      "version": "5.1.0",
      "resolved": "https://registry.npmjs.org/tablesort/-/tablesort-5.1.0.tgz",
      "integrity": "sha512-1w6u6h2yMMo+ghEgkD05pdsuvHh7yaqX3RSISaYhBi7lGvy7q9MRREEFEw+qEBGVyGNH46Zszt69xNPjMsBmSA=="
    }
  }
}
